
Microsoft Visual Studio Solution File, Format Version 12.00
# Visual Studio Version 17
VisualStudioVersion = 17.11.35327.3
MinimumVisualStudioVersion = 10.0.40219.1
Project("{FAE04EC0-301F-11D3-BF4B-00C04F79EFBC}") = "Projekt13A_API", "Projekt13A_API\Projekt13A_API.csproj", "{0D3568B9-8B30-4798-86B0-D3A2447025AD}"
EndProject
Project("{2150E333-8FDC-42A3-9474-1A3956D46DE8}") = "Solution Items", "Solution Items", "{53FF05A1-F74E-4746-A375-7D9E295AA9E4}"
	ProjectSection(SolutionItems) = preProject
		.gitignore = .gitignore
	EndProjectSection
EndProject
Global
	GlobalSection(SolutionConfigurationPlatforms) = preSolution
		Debug|Any CPU = Debug|Any CPU
		Release|Any CPU = Release|Any CPU
	EndGlobalSection
	GlobalSection(ProjectConfigurationPlatforms) = postSolution
		{0D3568B9-8B30-4798-86B0-D3A2447025AD}.Debug|Any CPU.ActiveCfg = Debug|Any CPU
		{0D3568B9-8B30-4798-86B0-D3A2447025AD}.Debug|Any CPU.Build.0 = Debug|Any CPU
		{0D3568B9-8B30-4798-86B0-D3A2447025AD}.Release|Any CPU.ActiveCfg = Release|Any CPU
		{0D3568B9-8B30-4798-86B0-D3A2447025AD}.Release|Any CPU.Build.0 = Release|Any CPU
	EndGlobalSection
	GlobalSection(SolutionProperties) = preSolution
		HideSolutionNode = FALSE
	EndGlobalSection
	GlobalSection(ExtensibilityGlobals) = postSolution
		SolutionGuid = {5A06FD96-53D3-4D80-B1A6-01A65D0FBDAF}
	EndGlobalSection
EndGlobal
